// !$*UTF8*$!
{
	archiveVersion = 1;
	classes = {
	};
	objectVersion = 56;
	objects = {

/* Begin PBXBuildFile section */
		77DAECA62C6E384200F46DC5 /* PostureCheckApp Watch App.app in Embed Watch Content */ = {isa = PBXBuildFile; fileRef = 77DAECA52C6E384200F46DC5 /* PostureCheckApp Watch App.app */; settings = {ATTRIBUTES = (RemoveHeadersOnCopy, ); }; };
		77DAECAB2C6E384200F46DC5 /* PostureCheckAppApp.swift in Sources */ = {isa = PBXBuildFile; fileRef = 77DAECAA2C6E384200F46DC5 /* PostureCheckAppApp.swift */; };
		77DAECAD2C6E384200F46DC5 /* ContentView.swift in Sources */ = {isa = PBXBuildFile; fileRef = 77DAECAC2C6E384200F46DC5 /* ContentView.swift */; };
		77DAECAF2C6E384400F46DC5 /* Assets.xcassets in Resources */ = {isa = PBXBuildFile; fileRef = 77DAECAE2C6E384400F46DC5 /* Assets.xcassets */; };
		77DAECB22C6E384400F46DC5 /* Preview Assets.xcassets in Resources */ = {isa = PBXBuildFile; fileRef = 77DAECB12C6E384400F46DC5 /* Preview Assets.xcassets */; };
/* End PBXBuildFile section */

/* Begin PBXContainerItemProxy section */
		77DAECA72C6E384200F46DC5 /* PBXContainerItemProxy */ = {
			isa = PBXContainerItemProxy;
			containerPortal = 77DAEC992C6E384100F46DC5 /* Project object */;
			proxyType = 1;
			remoteGlobalIDString = 77DAECA42C6E384200F46DC5;
			remoteInfo = "PostureCheckApp Watch App";
		};
/* End PBXContainerItemProxy section */

/* Begin PBXCopyFilesBuildPhase section */
		77DAECB82C6E384400F46DC5 /* Embed Watch Content */ = {
			isa = PBXCopyFilesBuildPhase;
			buildActionMask = 2147483647;
			dstPath = "$(CONTENTS_FOLDER_PATH)/Watch";
			dstSubfolderSpec = 16;
			files = (
				77DAECA62C6E384200F46DC5 /* PostureCheckApp Watch App.app in Embed Watch Content */,
			);
			name = "Embed Watch Content";
			runOnlyForDeploymentPostprocessing = 0;
		};
/* End PBXCopyFilesBuildPhase section */

/* Begin PBXFileReference section */
		77DAEC9F2C6E384200F46DC5 /* PostureCheckApp.app */ = {isa = PBXFileReference; explicitFileType = wrapper.application; includeInIndex = 0; path = PostureCheckApp.app; sourceTree = BUILT_PRODUCTS_DIR; };
		77DAECA52C6E384200F46DC5 /* PostureCheckApp Watch App.app */ = {isa = PBXFileReference; explicitFileType = wrapper.application; includeInIndex = 0; path = "PostureCheckApp Watch App.app"; sourceTree = BUILT_PRODUCTS_DIR; };
		77DAECAA2C6E384200F46DC5 /* PostureCheckAppApp.swift */ = {isa = PBXFileReference; lastKnownFileType = sourcecode.swift; path = PostureCheckAppApp.swift; sourceTree = "<group>"; };
		77DAECAC2C6E384200F46DC5 /* ContentView.swift */ = {isa = PBXFileReference; lastKnownFileType = sourcecode.swift; path = ContentView.swift; sourceTree = "<group>"; };
		77DAECAE2C6E384400F46DC5 /* Assets.xcassets */ = {isa = PBXFileReference; lastKnownFileType = folder.assetcatalog; path = Assets.xcassets; sourceTree = "<group>"; };
		77DAECB12C6E384400F46DC5 /* Preview Assets.xcassets */ = {isa = PBXFileReference; lastKnownFileType = folder.assetcatalog; path = "Preview Assets.xcassets"; sourceTree = "<group>"; };
/* End PBXFileReference section */

/* Begin PBXFrameworksBuildPhase section */
		77DAECA22C6E384200F46DC5 /* Frameworks */ = {
			isa = PBXFrameworksBuildPhase;
			buildActionMask = 2147483647;
			files = (
			);
			runOnlyForDeploymentPostprocessing = 0;
		};
/* End PBXFrameworksBuildPhase section */

/* Begin PBXGroup section */
		77DAEC982C6E384100F46DC5 = {
			isa = PBXGroup;
			children = (
				77DAECA92C6E384200F46DC5 /* PostureCheckApp Watch App */,
				77DAECA02C6E384200F46DC5 /* Products */,
			);
			sourceTree = "<group>";
		};
		77DAECA02C6E384200F46DC5 /* Products */ = {
			isa = PBXGroup;
			children = (
				77DAEC9F2C6E384200F46DC5 /* PostureCheckApp.app */,
				77DAECA52C6E384200F46DC5 /* PostureCheckApp Watch App.app */,
			);
			name = Products;
			sourceTree = "<group>";
		};
		77DAECA92C6E384200F46DC5 /* PostureCheckApp Watch App */ = {
			isa = PBXGroup;
			children = (
				77DAECAA2C6E384200F46DC5 /* PostureCheckAppApp.swift */,
				77DAECAC2C6E384200F46DC5 /* ContentView.swift */,
				77DAECAE2C6E384400F46DC5 /* Assets.xcassets */,
				77DAECB02C6E384400F46DC5 /* Preview Content */,
			);
			path = "PostureCheckApp Watch App";
			sourceTree = "<group>";
		};
		77DAECB02C6E384400F46DC5 /* Preview Content */ = {
			isa = PBXGroup;
			children = (
				77DAECB12C6E384400F46DC5 /* Preview Assets.xcassets */,
			);
			path = "Preview Content";
			sourceTree = "<group>";
		};
/* End PBXGroup section */

/* Begin PBXNativeTarget section */
		77DAEC9E2C6E384100F46DC5 /* PostureCheckApp */ = {
			isa = PBXNativeTarget;
			buildConfigurationList = 77DAECB92C6E384400F46DC5 /* Build configuration list for PBXNativeTarget "PostureCheckApp" */;
			buildPhases = (
				77DAEC9D2C6E384100F46DC5 /* Resources */,
				77DAECB82C6E384400F46DC5 /* Embed Watch Content */,
			);
			buildRules = (
			);
			dependencies = (
				77DAECA82C6E384200F46DC5 /* PBXTargetDependency */,
			);
			name = PostureCheckApp;
			productName = PostureCheckApp;
			productReference = 77DAEC9F2C6E384200F46DC5 /* PostureCheckApp.app */;
			productType = "com.apple.product-type.application.watchapp2-container";
		};
		77DAECA42C6E384200F46DC5 /* PostureCheckApp Watch App */ = {
			isa = PBXNativeTarget;
			buildConfigurationList = 77DAECB52C6E384400F46DC5 /* Build configuration list for PBXNativeTarget "PostureCheckApp Watch App" */;
			buildPhases = (
				77DAECA12C6E384200F46DC5 /* Sources */,
				77DAECA22C6E384200F46DC5 /* Frameworks */,
				77DAECA32C6E384200F46DC5 /* Resources */,
			);
			buildRules = (
			);
			dependencies = (
			);
			name = "PostureCheckApp Watch App";
			productName = "PostureCheckApp Watch App";
			productReference = 77DAECA52C6E384200F46DC5 /* PostureCheckApp Watch App.app */;
			productType = "com.apple.product-type.application";
		};
/* End PBXNativeTarget section */

/* Begin PBXProject section */
		77DAEC992C6E384100F46DC5 /* Project object */ = {
			isa = PBXProject;
			attributes = {
				BuildIndependentTargetsInParallel = 1;
				LastSwiftUpdateCheck = 1510;
				LastUpgradeCheck = 1510;
				TargetAttributes = {
					77DAEC9E2C6E384100F46DC5 = {
						CreatedOnToolsVersion = 15.1;
					};
					77DAECA42C6E384200F46DC5 = {
						CreatedOnToolsVersion = 15.1;
					};
				};
			};
			buildConfigurationList = 77DAEC9C2C6E384100F46DC5 /* Build configuration list for PBXProject "PostureCheckApp" */;
			compatibilityVersion = "Xcode 14.0";
			developmentRegion = en;
			hasScannedForEncodings = 0;
			knownRegions = (
				en,
				Base,
			);
			mainGroup = 77DAEC982C6E384100F46DC5;
			productRefGroup = 77DAECA02C6E384200F46DC5 /* Products */;
			projectDirPath = "";
			projectRoot = "";
			targets = (
				77DAEC9E2C6E384100F46DC5 /* PostureCheckApp */,
				77DAECA42C6E384200F46DC5 /* PostureCheckApp Watch App */,
			);
		};
/* End PBXProject section */

/* Begin PBXResourcesBuildPhase section */
		77DAEC9D2C6E384100F46DC5 /* Resources */ = {
			isa = PBXResourcesBuildPhase;
			buildActionMask = 2147483647;
			files = (
			);
			runOnlyForDeploymentPostprocessing = 0;
		};
		77DAECA32C6E384200F46DC5 /* Resources */ = {
			isa = PBXResourcesBuildPhase;
			buildActionMask = 2147483647;
			files = (
				77DAECB22C6E384400F46DC5 /* Preview Assets.xcassets in Resources */,
				77DAECAF2C6E384400F46DC5 /* Assets.xcassets in Resources */,
			);
			runOnlyForDeploymentPostprocessing = 0;
		};
/* End PBXResourcesBuildPhase section */

/* Begin PBXSourcesBuildPhase section */
		77DAECA12C6E384200F46DC5 /* Sources */ = {
			isa = PBXSourcesBuildPhase;
			buildActionMask = 2147483647;
			files = (
				77DAECAD2C6E384200F46DC5 /* ContentView.swift in Sources */,
				77DAECAB2C6E384200F46DC5 /* PostureCheckAppApp.swift in Sources */,
			);
			runOnlyForDeploymentPostprocessing = 0;
		};
/* End PBXSourcesBuildPhase section */

/* Begin PBXTargetDependency section */
		77DAECA82C6E384200F46DC5 /* PBXTargetDependency */ = {
			isa = PBXTargetDependency;
			target = 77DAECA42C6E384200F46DC5 /* PostureCheckApp Watch App */;
			targetProxy = 77DAECA72C6E384200F46DC5 /* PBXContainerItemProxy */;
		};
/* End PBXTargetDependency section */

/* Begin XCBuildConfiguration section */
		77DAECB32C6E384400F46DC5 /* Debug */ = {
			isa = XCBuildConfiguration;
			buildSettings = {
				ALWAYS_SEARCH_USER_PATHS = NO;
				ASSETCATALOG_COMPILER_GENERATE_SWIFT_ASSET_SYMBOL_EXTENSIONS = YES;
				CLANG_ANALYZER_NONNULL = YES;
				CLANG_ANALYZER_NUMBER_OBJECT_CONVERSION = YES_AGGRESSIVE;
				CLANG_CXX_LANGUAGE_STANDARD = "gnu++20";
				CLANG_ENABLE_MODULES = YES;
				CLANG_ENABLE_OBJC_ARC = YES;
				CLANG_ENABLE_OBJC_WEAK = YES;
				CLANG_WARN_BLOCK_CAPTURE_AUTORELEASING = YES;
				CLANG_WARN_BOOL_CONVERSION = YES;
				CLANG_WARN_COMMA = YES;
				CLANG_WARN_CONSTANT_CONVERSION = YES;
				CLANG_WARN_DEPRECATED_OBJC_IMPLEMENTATIONS = YES;
				CLANG_WARN_DIRECT_OBJC_ISA_USAGE = YES_ERROR;
				CLANG_WARN_DOCUMENTATION_COMMENTS = YES;
				CLANG_WARN_EMPTY_BODY = YES;
				CLANG_WARN_ENUM_CONVERSION = YES;
				CLANG_WARN_INFINITE_RECURSION = YES;
				CLANG_WARN_INT_CONVERSION = YES;
				CLANG_WARN_NON_LITERAL_NULL_CONVERSION = YES;
				CLANG_WARN_OBJC_IMPLICIT_RETAIN_SELF = YES;
				CLANG_WARN_OBJC_LITERAL_CONVERSION = YES;
				CLANG_WARN_OBJC_ROOT_CLASS = YES_ERROR;
				CLANG_WARN_QUOTED_INCLUDE_IN_FRAMEWORK_HEADER = YES;
				CLANG_WARN_RANGE_LOOP_ANALYSIS = YES;
				CLANG_WARN_STRICT_PROTOTYPES = YES;
				CLANG_WARN_SUSPICIOUS_MOVE = YES;
				CLANG_WARN_UNGUARDED_AVAILABILITY = YES_AGGRESSIVE;
				CLANG_WARN_UNREACHABLE_CODE = YES;
				CLANG_WARN__DUPLICATE_METHOD_MATCH = YES;
				COPY_PHASE_STRIP = NO;
				DEBUG_INFORMATION_FORMAT = dwarf;
				ENABLE_STRICT_OBJC_MSGSEND = YES;
				ENABLE_TESTABILITY = YES;
				ENABLE_USER_SCRIPT_SANDBOXING = YES;
				GCC_C_LANGUAGE_STANDARD = gnu17;
				GCC_DYNAMIC_NO_PIC = NO;
				GCC_NO_COMMON_BLOCKS = YES;
				GCC_OPTIMIZATION_LEVEL = 0;
				GCC_PREPROCESSOR_DEFINITIONS = (
					"DEBUG=1",
					"$(inherited)",
				);
				GCC_WARN_64_TO_32_BIT_CONVERSION = YES;
				GCC_WARN_ABOUT_RETURN_TYPE = YES_ERROR;
				GCC_WARN_UNDECLARED_SELECTOR = YES;
				GCC_WARN_UNINITIALIZED_AUTOS = YES_AGGRESSIVE;
				GCC_WARN_UNUSED_FUNCTION = YES;
				GCC_WARN_UNUSED_VARIABLE = YES;
				LOCALIZATION_PREFERS_STRING_CATALOGS = YES;
				MTL_ENABLE_DEBUG_INFO = INCLUDE_SOURCE;
				MTL_FAST_MATH = YES;
				ONLY_ACTIVE_ARCH = YES;
				SWIFT_ACTIVE_COMPILATION_CONDITIONS = "DEBUG $(inherited)";
				SWIFT_OPTIMIZATION_LEVEL = "-Onone";
			};
			name = Debug;
		};
		77DAECB42C6E384400F46DC5 /* Release */ = {
			isa = XCBuildConfiguration;
			buildSettings = {
				ALWAYS_SEARCH_USER_PATHS = NO;
				ASSETCATALOG_COMPILER_GENERATE_SWIFT_ASSET_SYMBOL_EXTENSIONS = YES;
				CLANG_ANALYZER_NONNULL = YES;
				CLANG_ANALYZER_NUMBER_OBJECT_CONVERSION = YES_AGGRESSIVE;
				CLANG_CXX_LANGUAGE_STANDARD = "gnu++20";
				CLANG_ENABLE_MODULES = YES;
				CLANG_ENABLE_OBJC_ARC = YES;
				CLANG_ENABLE_OBJC_WEAK = YES;
				CLANG_WARN_BLOCK_CAPTURE_AUTORELEASING = YES;
				CLANG_WARN_BOOL_CONVERSION = YES;
				CLANG_WARN_COMMA = YES;
				CLANG_WARN_CONSTANT_CONVERSION = YES;
				CLANG_WARN_DEPRECATED_OBJC_IMPLEMENTATIONS = YES;
				CLANG_WARN_DIRECT_OBJC_ISA_USAGE = YES_ERROR;
				CLANG_WARN_DOCUMENTATION_COMMENTS = YES;
				CLANG_WARN_EMPTY_BODY = YES;
				CLANG_WARN_ENUM_CONVERSION = YES;
				CLANG_WARN_INFINITE_RECURSION = YES;
				CLANG_WARN_INT_CONVERSION = YES;
				CLANG_WARN_NON_LITERAL_NULL_CONVERSION = YES;
				CLANG_WARN_OBJC_IMPLICIT_RETAIN_SELF = YES;
				CLANG_WARN_OBJC_LITERAL_CONVERSION = YES;
				CLANG_WARN_OBJC_ROOT_CLASS = YES_ERROR;
				CLANG_WARN_QUOTED_INCLUDE_IN_FRAMEWORK_HEADER = YES;
				CLANG_WARN_RANGE_LOOP_ANALYSIS = YES;
				CLANG_WARN_STRICT_PROTOTYPES = YES;
				CLANG_WARN_SUSPICIOUS_MOVE = YES;
				CLANG_WARN_UNGUARDED_AVAILABILITY = YES_AGGRESSIVE;
				CLANG_WARN_UNREACHABLE_CODE = YES;
				CLANG_WARN__DUPLICATE_METHOD_MATCH = YES;
				COPY_PHASE_STRIP = NO;
				DEBUG_INFORMATION_FORMAT = "dwarf-with-dsym";
				ENABLE_NS_ASSERTIONS = NO;
				ENABLE_STRICT_OBJC_MSGSEND = YES;
				ENABLE_USER_SCRIPT_SANDBOXING = YES;
				GCC_C_LANGUAGE_STANDARD = gnu17;
				GCC_NO_COMMON_BLOCKS = YES;
				GCC_WARN_64_TO_32_BIT_CONVERSION = YES;
				GCC_WARN_ABOUT_RETURN_TYPE = YES_ERROR;
				GCC_WARN_UNDECLARED_SELECTOR = YES;
				GCC_WARN_UNINITIALIZED_AUTOS = YES_AGGRESSIVE;
				GCC_WARN_UNUSED_FUNCTION = YES;
				GCC_WARN_UNUSED_VARIABLE = YES;
				LOCALIZATION_PREFERS_STRING_CATALOGS = YES;
				MTL_ENABLE_DEBUG_INFO = NO;
				MTL_FAST_MATH = YES;
				SWIFT_COMPILATION_MODE = wholemodule;
			};
			name = Release;
		};
		77DAECB62C6E384400F46DC5 /* Debug */ = {
			isa = XCBuildConfiguration;
			buildSettings = {
				ASSETCATALOG_COMPILER_APPICON_NAME = AppIcon;
				ASSETCATALOG_COMPILER_GLOBAL_ACCENT_COLOR_NAME = AccentColor;
				CODE_SIGN_STYLE = Automatic;
				CURRENT_PROJECT_VERSION = 1;
				DEVELOPMENT_ASSET_PATHS = "\"PostureCheckApp Watch App/Preview Content\"";
				DEVELOPMENT_TEAM = S9A4JSQ3C6;
				ENABLE_PREVIEWS = YES;
				GENERATE_INFOPLIST_FILE = YES;
				INFOPLIST_KEY_CFBundleDisplayName = PostureCheckApp;
				INFOPLIST_KEY_UISupportedInterfaceOrientations = "UIInterfaceOrientationPortrait UIInterfaceOrientationPortraitUpsideDown";
				INFOPLIST_KEY_WKWatchOnly = YES;
				LD_RUNPATH_SEARCH_PATHS = (
					"$(inherited)",
					"@executable_path/Frameworks",
				);
				MARKETING_VERSION = 1.0;
				PRODUCT_BUNDLE_IDENTIFIER = com.kevinsun.PostureCheckApp.watchkitapp;
				PRODUCT_NAME = "$(TARGET_NAME)";
				SDKROOT = watchos;
				SKIP_INSTALL = YES;
				SWIFT_EMIT_LOC_STRINGS = YES;
				SWIFT_VERSION = 5.0;
				TARGETED_DEVICE_FAMILY = 4;
				WATCHOS_DEPLOYMENT_TARGET = 10.0;
			};
			name = Debug;
		};
		77DAECB72C6E384400F46DC5 /* Release */ = {
			isa = XCBuildConfiguration;
			buildSettings = {
				ASSETCATALOG_COMPILER_APPICON_NAME = AppIcon;
				ASSETCATALOG_COMPILER_GLOBAL_ACCENT_COLOR_NAME = AccentColor;
				CODE_SIGN_STYLE = Automatic;
				CURRENT_PROJECT_VERSION = 1;
				DEVELOPMENT_ASSET_PATHS = "\"PostureCheckApp Watch App/Preview Content\"";
				DEVELOPMENT_TEAM = S9A4JSQ3C6;
				ENABLE_PREVIEWS = YES;
				GENERATE_INFOPLIST_FILE = YES;
				INFOPLIST_KEY_CFBundleDisplayName = PostureCheckApp;
				INFOPLIST_KEY_UISupportedInterfaceOrientations = "UIInterfaceOrientationPortrait UIInterfaceOrientationPortraitUpsideDown";
				INFOPLIST_KEY_WKWatchOnly = YES;
				LD_RUNPATH_SEARCH_PATHS = (
					"$(inherited)",
					"@executable_path/Frameworks",
				);
				MARKETING_VERSION = 1.0;
				PRODUCT_BUNDLE_IDENTIFIER = com.kevinsun.PostureCheckApp.watchkitapp;
				PRODUCT_NAME = "$(TARGET_NAME)";
				SDKROOT = watchos;
				SKIP_INSTALL = YES;
				SWIFT_EMIT_LOC_STRINGS = YES;
				SWIFT_VERSION = 5.0;
				TARGETED_DEVICE_FAMILY = 4;
				VALIDATE_PRODUCT = YES;
				WATCHOS_DEPLOYMENT_TARGET = 10.0;
			};
			name = Release;
		};
		77DAECBA2C6E384400F46DC5 /* Debug */ = {
			isa = XCBuildConfiguration;
			buildSettings = {
				ALWAYS_EMBED_SWIFT_STANDARD_LIBRARIES = YES;
				CODE_SIGN_STYLE = Automatic;
				CURRENT_PROJECT_VERSION = 1;
				DEVELOPMENT_TEAM = S9A4JSQ3C6;
				INFOPLIST_KEY_CFBundleDisplayName = PostureCheckApp;
				MARKETING_VERSION = 1.0;
				PRODUCT_BUNDLE_IDENTIFIER = com.kevinsun.PostureCheckApp;
				PRODUCT_NAME = "$(TARGET_NAME)";
				SDKROOT = iphoneos;
				SWIFT_VERSION = 5.0;
			};
			name = Debug;
		};
		77DAECBB2C6E384400F46DC5 /* Release */ = {
			isa = XCBuildConfiguration;
			buildSettings = {
				ALWAYS_EMBED_SWIFT_STANDARD_LIBRARIES = YES;
				CODE_SIGN_STYLE = Automatic;
				CURRENT_PROJECT_VERSION = 1;
				DEVELOPMENT_TEAM = S9A4JSQ3C6;
				INFOPLIST_KEY_CFBundleDisplayName = PostureCheckApp;
				MARKETING_VERSION = 1.0;
				PRODUCT_BUNDLE_IDENTIFIER = com.kevinsun.PostureCheckApp;
				PRODUCT_NAME = "$(TARGET_NAME)";
				SDKROOT = iphoneos;
				SWIFT_VERSION = 5.0;
				VALIDATE_PRODUCT = YES;
			};
			name = Release;
		};
/* End XCBuildConfiguration section */

/* Begin XCConfigurationList section */
		77DAEC9C2C6E384100F46DC5 /* Build configuration list for PBXProject "PostureCheckApp" */ = {
			isa = XCConfigurationList;
			buildConfigurations = (
				77DAECB32C6E384400F46DC5 /* Debug */,
				77DAECB42C6E384400F46DC5 /* Release */,
			);
			defaultConfigurationIsVisible = 0;
			defaultConfigurationName = Release;
		};
		77DAECB52C6E384400F46DC5 /* Build configuration list for PBXNativeTarget "PostureCheckApp Watch App" */ = {
			isa = XCConfigurationList;
			buildConfigurations = (
				77DAECB62C6E384400F46DC5 /* Debug */,
				77DAECB72C6E384400F46DC5 /* Release */,
			);
			defaultConfigurationIsVisible = 0;
			defaultConfigurationName = Release;
		};
		77DAECB92C6E384400F46DC5 /* Build configuration list for PBXNativeTarget "PostureCheckApp" */ = {
			isa = XCConfigurationList;
			buildConfigurations = (
				77DAECBA2C6E384400F46DC5 /* Debug */,
				77DAECBB2C6E384400F46DC5 /* Release */,
			);
			defaultConfigurationIsVisible = 0;
			defaultConfigurationName = Release;
		};
/* End XCConfigurationList section */
	};
	rootObject = 77DAEC992C6E384100F46DC5 /* Project object */;
}
